
Microsoft Visual Studio Solution File, Format Version 12.00
# Visual Studio Version 16
VisualStudioVersion = 16.0.29025.244
MinimumVisualStudioVersion = 10.0.40219.1
Project("{FAE04EC0-301F-11D3-BF4B-00C04F79EFBC}") = "commander", "Commander\commander.csproj", "{E04DADF9-E655-419A-B928-4DCFFBA2DC7E}"
EndProject
Project("{FAE04EC0-301F-11D3-BF4B-00C04F79EFBC}") = "PluginLib", "PluginLib\PluginLib.csproj", "{90E6E142-C201-4918-9D48-6E0E041EA40D}"
EndProject
Project("{2150E333-8FDC-42A3-9474-1A3956D46DE8}") = "Plugins", "Plugins", "{037933BB-68C9-4E18-9CF4-7DB8BEDCFE6A}"
EndProject
Project("{2150E333-8FDC-42A3-9474-1A3956D46DE8}") = "Games", "Games", "{0B87CCE9-121E-45DC-A31B-905B7EFE383D}"
EndProject
Project("{FAE04EC0-301F-11D3-BF4B-00C04F79EFBC}") = "GamesPack1", "GamesPack1\GamesPack1.csproj", "{DD4EB311-46BE-472B-8D2A-98A5F2539869}"
EndProject
Project("{FAE04EC0-301F-11D3-BF4B-00C04F79EFBC}") = "GamesPack1Tester", "GamesPack1Tester\GamesPack1Tester.csproj", "{82FF6303-5953-4712-99A0-B25B0C940516}"
EndProject
Project("{2150E333-8FDC-42A3-9474-1A3956D46DE8}") = "External Libs", "External Libs", "{7AC29A97-4DFA-40C4-9859-E2470E6639C0}"
EndProject
Project("{FAE04EC0-301F-11D3-BF4B-00C04F79EFBC}") = "GifLib", "..\CommonLibs\GifLib\GifLib.csproj", "{034228F5-7BCD-4137-ADFF-2A6CB530453A}"
EndProject
Project("{FAE04EC0-301F-11D3-BF4B-00C04F79EFBC}") = "IsoLib", "Libs\IsoLib\IsoLib.csproj", "{A97FDEF8-C93B-46DF-BBED-8EE4BB6C9323}"
EndProject
Project("{FAE04EC0-301F-11D3-BF4B-00C04F79EFBC}") = "YoutubeExtractor", "..\CommonLibs\YoutubeExtractor\YoutubeExtractor.csproj", "{ECDC127F-8DEF-4F99-8300-72C13597339D}"
EndProject
Project("{FAE04EC0-301F-11D3-BF4B-00C04F79EFBC}") = "ProxyLib", "ProxyLib\ProxyLib.csproj", "{737631E0-772B-40C9-9BA0-D7A78D5B2796}"
EndProject
Project("{FAE04EC0-301F-11D3-BF4B-00C04F79EFBC}") = "DjvuNet", "..\CommonLibs\DjvuNet\DjvuNet.csproj", "{E681B178-E5F8-4782-89C8-F32720B1464A}"
EndProject
Project("{FAE04EC0-301F-11D3-BF4B-00C04F79EFBC}") = "PdfiumViewer", "..\CommonLibs\PdfiumViewer\PdfiumViewer.csproj", "{438914B6-5D1C-482C-B942-5C0E057EEF6F}"
EndProject
Project("{2150E333-8FDC-42A3-9474-1A3956D46DE8}") = "Libs", "Libs", "{B8DA309C-1127-49DA-8300-74AB21395611}"
EndProject
Global
	GlobalSection(SolutionConfigurationPlatforms) = preSolution
		Debug|Any CPU = Debug|Any CPU
		Release|Any CPU = Release|Any CPU
	EndGlobalSection
	GlobalSection(ProjectConfigurationPlatforms) = postSolution
		{E04DADF9-E655-419A-B928-4DCFFBA2DC7E}.Debug|Any CPU.ActiveCfg = Debug|Any CPU
		{E04DADF9-E655-419A-B928-4DCFFBA2DC7E}.Debug|Any CPU.Build.0 = Debug|Any CPU
		{E04DADF9-E655-419A-B928-4DCFFBA2DC7E}.Release|Any CPU.ActiveCfg = Release|Any CPU
		{E04DADF9-E655-419A-B928-4DCFFBA2DC7E}.Release|Any CPU.Build.0 = Release|Any CPU
		{90E6E142-C201-4918-9D48-6E0E041EA40D}.Debug|Any CPU.ActiveCfg = Debug|Any CPU
		{90E6E142-C201-4918-9D48-6E0E041EA40D}.Debug|Any CPU.Build.0 = Debug|Any CPU
		{90E6E142-C201-4918-9D48-6E0E041EA40D}.Release|Any CPU.ActiveCfg = Release|Any CPU
		{90E6E142-C201-4918-9D48-6E0E041EA40D}.Release|Any CPU.Build.0 = Release|Any CPU
		{DD4EB311-46BE-472B-8D2A-98A5F2539869}.Debug|Any CPU.ActiveCfg = Debug|Any CPU
		{DD4EB311-46BE-472B-8D2A-98A5F2539869}.Debug|Any CPU.Build.0 = Debug|Any CPU
		{DD4EB311-46BE-472B-8D2A-98A5F2539869}.Release|Any CPU.ActiveCfg = Release|Any CPU
		{DD4EB311-46BE-472B-8D2A-98A5F2539869}.Release|Any CPU.Build.0 = Release|Any CPU
		{82FF6303-5953-4712-99A0-B25B0C940516}.Debug|Any CPU.ActiveCfg = Debug|Any CPU
		{82FF6303-5953-4712-99A0-B25B0C940516}.Debug|Any CPU.Build.0 = Debug|Any CPU
		{82FF6303-5953-4712-99A0-B25B0C940516}.Release|Any CPU.ActiveCfg = Release|Any CPU
		{82FF6303-5953-4712-99A0-B25B0C940516}.Release|Any CPU.Build.0 = Release|Any CPU
		{034228F5-7BCD-4137-ADFF-2A6CB530453A}.Debug|Any CPU.ActiveCfg = Debug|Any CPU
		{034228F5-7BCD-4137-ADFF-2A6CB530453A}.Debug|Any CPU.Build.0 = Debug|Any CPU
		{034228F5-7BCD-4137-ADFF-2A6CB530453A}.Release|Any CPU.ActiveCfg = Release|Any CPU
		{034228F5-7BCD-4137-ADFF-2A6CB530453A}.Release|Any CPU.Build.0 = Release|Any CPU
		{A97FDEF8-C93B-46DF-BBED-8EE4BB6C9323}.Debug|Any CPU.ActiveCfg = Debug|Any CPU
		{A97FDEF8-C93B-46DF-BBED-8EE4BB6C9323}.Debug|Any CPU.Build.0 = Debug|Any CPU
		{A97FDEF8-C93B-46DF-BBED-8EE4BB6C9323}.Release|Any CPU.ActiveCfg = Release|Any CPU
		{A97FDEF8-C93B-46DF-BBED-8EE4BB6C9323}.Release|Any CPU.Build.0 = Release|Any CPU
		{ECDC127F-8DEF-4F99-8300-72C13597339D}.Debug|Any CPU.ActiveCfg = Debug|Any CPU
		{ECDC127F-8DEF-4F99-8300-72C13597339D}.Debug|Any CPU.Build.0 = Debug|Any CPU
		{ECDC127F-8DEF-4F99-8300-72C13597339D}.Release|Any CPU.ActiveCfg = Release|Any CPU
		{ECDC127F-8DEF-4F99-8300-72C13597339D}.Release|Any CPU.Build.0 = Release|Any CPU
		{737631E0-772B-40C9-9BA0-D7A78D5B2796}.Debug|Any CPU.ActiveCfg = Debug|Any CPU
		{737631E0-772B-40C9-9BA0-D7A78D5B2796}.Debug|Any CPU.Build.0 = Debug|Any CPU
		{737631E0-772B-40C9-9BA0-D7A78D5B2796}.Release|Any CPU.ActiveCfg = Release|Any CPU
		{737631E0-772B-40C9-9BA0-D7A78D5B2796}.Release|Any CPU.Build.0 = Release|Any CPU
		{E681B178-E5F8-4782-89C8-F32720B1464A}.Debug|Any CPU.ActiveCfg = Debug|Any CPU
		{E681B178-E5F8-4782-89C8-F32720B1464A}.Debug|Any CPU.Build.0 = Debug|Any CPU
		{E681B178-E5F8-4782-89C8-F32720B1464A}.Release|Any CPU.ActiveCfg = Release|Any CPU
		{E681B178-E5F8-4782-89C8-F32720B1464A}.Release|Any CPU.Build.0 = Release|Any CPU
		{438914B6-5D1C-482C-B942-5C0E057EEF6F}.Debug|Any CPU.ActiveCfg = Debug|Any CPU
		{438914B6-5D1C-482C-B942-5C0E057EEF6F}.Debug|Any CPU.Build.0 = Debug|Any CPU
		{438914B6-5D1C-482C-B942-5C0E057EEF6F}.Release|Any CPU.ActiveCfg = Release|Any CPU
		{438914B6-5D1C-482C-B942-5C0E057EEF6F}.Release|Any CPU.Build.0 = Release|Any CPU
	EndGlobalSection
	GlobalSection(SolutionProperties) = preSolution
		HideSolutionNode = FALSE
	EndGlobalSection
	GlobalSection(NestedProjects) = preSolution
		{90E6E142-C201-4918-9D48-6E0E041EA40D} = {B8DA309C-1127-49DA-8300-74AB21395611}
		{0B87CCE9-121E-45DC-A31B-905B7EFE383D} = {037933BB-68C9-4E18-9CF4-7DB8BEDCFE6A}
		{DD4EB311-46BE-472B-8D2A-98A5F2539869} = {0B87CCE9-121E-45DC-A31B-905B7EFE383D}
		{82FF6303-5953-4712-99A0-B25B0C940516} = {0B87CCE9-121E-45DC-A31B-905B7EFE383D}
		{034228F5-7BCD-4137-ADFF-2A6CB530453A} = {7AC29A97-4DFA-40C4-9859-E2470E6639C0}
		{A97FDEF8-C93B-46DF-BBED-8EE4BB6C9323} = {B8DA309C-1127-49DA-8300-74AB21395611}
		{ECDC127F-8DEF-4F99-8300-72C13597339D} = {7AC29A97-4DFA-40C4-9859-E2470E6639C0}
		{737631E0-772B-40C9-9BA0-D7A78D5B2796} = {B8DA309C-1127-49DA-8300-74AB21395611}
		{E681B178-E5F8-4782-89C8-F32720B1464A} = {7AC29A97-4DFA-40C4-9859-E2470E6639C0}
		{438914B6-5D1C-482C-B942-5C0E057EEF6F} = {7AC29A97-4DFA-40C4-9859-E2470E6639C0}
	EndGlobalSection
	GlobalSection(ExtensibilityGlobals) = postSolution
		SolutionGuid = {7A94723F-DEEC-4DA6-925D-410A8973C90F}
	EndGlobalSection
EndGlobal
